// !$*UTF8*$!
{
	archiveVersion = 1;
	classes = {
	};
	objectVersion = 56;
	objects = {

/* Begin PBXBuildFile section */
		0910BE0CD6E6FB93B2DAD38B /* Pods_BeinSportsTests.framework in Frameworks */ = {isa = PBXBuildFile; fileRef = C2AF4F9578F8169832A43F27 /* Pods_BeinSportsTests.framework */; };
		1457F23129FFF435005FC048 /* APIServices.swift in Sources */ = {isa = PBXBuildFile; fileRef = 1457F23029FFF435005FC048 /* APIServices.swift */; };
		1457F2352A00003F005FC048 /* Model.swift in Sources */ = {isa = PBXBuildFile; fileRef = 1457F2342A00003F005FC048 /* Model.swift */; };
		1475518E2A05C2F400436D74 /* PresenterLeaguesTableVC.swift in Sources */ = {isa = PBXBuildFile; fileRef = 1475518D2A05C2F400436D74 /* PresenterLeaguesTableVC.swift */; };
		147551922A05CAEF00436D74 /* PresenterFixturesVC.swift in Sources */ = {isa = PBXBuildFile; fileRef = 147551912A05CAEF00436D74 /* PresenterFixturesVC.swift */; };
		147551942A05DA7400436D74 /* PresenterTeamDetailsVC.swift in Sources */ = {isa = PBXBuildFile; fileRef = 147551932A05DA7400436D74 /* PresenterTeamDetailsVC.swift */; };
		147551962A05E4B200436D74 /* CoreData.swift in Sources */ = {isa = PBXBuildFile; fileRef = 147551952A05E4B200436D74 /* CoreData.swift */; };
		1475519A2A05EA0700436D74 /* FavTableVC.swift in Sources */ = {isa = PBXBuildFile; fileRef = 147551992A05EA0700436D74 /* FavTableVC.swift */; };
		14929FF62A0073880024D71E /* OnboardingCollectionViewCell.swift in Sources */ = {isa = PBXBuildFile; fileRef = 14929FF42A0073880024D71E /* OnboardingCollectionViewCell.swift */; };
		14929FF72A0073880024D71E /* OnboardingViewController.swift in Sources */ = {isa = PBXBuildFile; fileRef = 14929FF52A0073880024D71E /* OnboardingViewController.swift */; };
		14929FF92A0074200024D71E /* OnboaringSlide.swift in Sources */ = {isa = PBXBuildFile; fileRef = 14929FF82A0074200024D71E /* OnboaringSlide.swift */; };
		14929FFF2A0074BA0024D71E /* UIView+Extension.swift in Sources */ = {isa = PBXBuildFile; fileRef = 14929FFB2A0074BA0024D71E /* UIView+Extension.swift */; };
		1492A0002A0074BA0024D71E /* UIViewController+Extension.swift in Sources */ = {isa = PBXBuildFile; fileRef = 14929FFC2A0074BA0024D71E /* UIViewController+Extension.swift */; };
		1492A0012A0074BA0024D71E /* String+Extension.swift in Sources */ = {isa = PBXBuildFile; fileRef = 14929FFD2A0074BA0024D71E /* String+Extension.swift */; };
		1492A0022A0074BA0024D71E /* UserDefaults+Extension.swift in Sources */ = {isa = PBXBuildFile; fileRef = 14929FFE2A0074BA0024D71E /* UserDefaults+Extension.swift */; };
		1492A0152A0079150024D71E /* ResultCVCell.xib in Resources */ = {isa = PBXBuildFile; fileRef = 1492A0072A0079140024D71E /* ResultCVCell.xib */; };
		1492A0162A0079150024D71E /* ResultCVCell.swift in Sources */ = {isa = PBXBuildFile; fileRef = 1492A0082A0079140024D71E /* ResultCVCell.swift */; };
		1492A0172A0079150024D71E /* TeamCVCell.swift in Sources */ = {isa = PBXBuildFile; fileRef = 1492A00A2A0079140024D71E /* TeamCVCell.swift */; };
		1492A0182A0079150024D71E /* TeamCVCell.xib in Resources */ = {isa = PBXBuildFile; fileRef = 1492A00B2A0079140024D71E /* TeamCVCell.xib */; };
		1492A0192A0079150024D71E /* EventCVCell.swift in Sources */ = {isa = PBXBuildFile; fileRef = 1492A00D2A0079140024D71E /* EventCVCell.swift */; };
		1492A01A2A0079150024D71E /* EventCVCell.xib in Resources */ = {isa = PBXBuildFile; fileRef = 1492A00E2A0079140024D71E /* EventCVCell.xib */; };
		1492A01B2A0079150024D71E /* CustomTableCell.xib in Resources */ = {isa = PBXBuildFile; fileRef = 1492A0102A0079140024D71E /* CustomTableCell.xib */; };
		1492A01C2A0079150024D71E /* CustomTableCell.swift in Sources */ = {isa = PBXBuildFile; fileRef = 1492A0112A0079140024D71E /* CustomTableCell.swift */; };
		1492A01D2A0079150024D71E /* CustomCollectionViewCell.swift in Sources */ = {isa = PBXBuildFile; fileRef = 1492A0132A0079140024D71E /* CustomCollectionViewCell.swift */; };
		1492A01E2A0079150024D71E /* CustomCollectionViewCell.xib in Resources */ = {isa = PBXBuildFile; fileRef = 1492A0142A0079140024D71E /* CustomCollectionViewCell.xib */; };
		1492A0222A011F520024D71E /* LeaguesTableVC.swift in Sources */ = {isa = PBXBuildFile; fileRef = 1492A0212A011F520024D71E /* LeaguesTableVC.swift */; };
		14970D7B2A014A56003951D9 /* LauchScreenVC.swift in Sources */ = {isa = PBXBuildFile; fileRef = 14970D7A2A014A56003951D9 /* LauchScreenVC.swift */; };
		14970D7E2A014DA4003951D9 /* splash.json in Resources */ = {isa = PBXBuildFile; fileRef = 14970D7D2A014DA4003951D9 /* splash.json */; };
		149FAEB529FFED7200A9C741 /* AppDelegate.swift in Sources */ = {isa = PBXBuildFile; fileRef = 149FAEB429FFED7200A9C741 /* AppDelegate.swift */; };
		149FAEB729FFED7200A9C741 /* SceneDelegate.swift in Sources */ = {isa = PBXBuildFile; fileRef = 149FAEB629FFED7200A9C741 /* SceneDelegate.swift */; };
		149FAEB929FFED7200A9C741 /* HomeVC.swift in Sources */ = {isa = PBXBuildFile; fileRef = 149FAEB829FFED7200A9C741 /* HomeVC.swift */; };
		149FAEBC29FFED7200A9C741 /* Main.storyboard in Resources */ = {isa = PBXBuildFile; fileRef = 149FAEBA29FFED7200A9C741 /* Main.storyboard */; };
		149FAEBF29FFED7200A9C741 /* BeinSports.xcdatamodeld in Sources */ = {isa = PBXBuildFile; fileRef = 149FAEBD29FFED7200A9C741 /* BeinSports.xcdatamodeld */; };
		149FAEC129FFED7400A9C741 /* Assets.xcassets in Resources */ = {isa = PBXBuildFile; fileRef = 149FAEC029FFED7400A9C741 /* Assets.xcassets */; };
		149FAEC429FFED7400A9C741 /* LaunchScreen.storyboard in Resources */ = {isa = PBXBuildFile; fileRef = 149FAEC229FFED7400A9C741 /* LaunchScreen.storyboard */; };
		149FAECF29FFED7400A9C741 /* BeinSportsTests.swift in Sources */ = {isa = PBXBuildFile; fileRef = 149FAECE29FFED7400A9C741 /* BeinSportsTests.swift */; };
		149FAED929FFED7400A9C741 /* BeinSportsUITests.swift in Sources */ = {isa = PBXBuildFile; fileRef = 149FAED829FFED7400A9C741 /* BeinSportsUITests.swift */; };
		149FAEDB29FFED7400A9C741 /* BeinSportsUITestsLaunchTests.swift in Sources */ = {isa = PBXBuildFile; fileRef = 149FAEDA29FFED7400A9C741 /* BeinSportsUITestsLaunchTests.swift */; };
		14A0F44E2A031FE3002C37CC /* TeamDetailsVC.swift in Sources */ = {isa = PBXBuildFile; fileRef = 14A0F44D2A031FE3002C37CC /* TeamDetailsVC.swift */; };
		14A0F4542A0328F4002C37CC /* PlayersTableCell.swift in Sources */ = {isa = PBXBuildFile; fileRef = 14A0F4522A0328F4002C37CC /* PlayersTableCell.swift */; };
		14A0F4552A0328F4002C37CC /* PlayersTableCell.xib in Resources */ = {isa = PBXBuildFile; fileRef = 14A0F4532A0328F4002C37CC /* PlayersTableCell.xib */; };
		14A2E3A02A06B84A00C7CA63 /* PlayerDetailsVC.swift in Sources */ = {isa = PBXBuildFile; fileRef = 14A2E39F2A06B84A00C7CA63 /* PlayerDetailsVC.swift */; };
		14A2E3A32A06E1F400C7CA63 /* Utls.swift in Sources */ = {isa = PBXBuildFile; fileRef = 14A2E3A22A06E1F400C7CA63 /* Utls.swift */; };
		14ECCE9E2A0193AE000F9C03 /* FixturesVC.swift in Sources */ = {isa = PBXBuildFile; fileRef = 14ECCE9D2A0193AE000F9C03 /* FixturesVC.swift */; };
		1787117B165E962D1EF80655 /* Pods_BeinSports_BeinSportsUITests.framework in Frameworks */ = {isa = PBXBuildFile; fileRef = 864DC6021E235C46E0072B90 /* Pods_BeinSports_BeinSportsUITests.framework */; };
		AFB1D6CBE652C82217172DC0 /* Pods_BeinSports.framework in Frameworks */ = {isa = PBXBuildFile; fileRef = 36CCED2757D38C0D5B079CDE /* Pods_BeinSports.framework */; };
/* End PBXBuildFile section */

/* Begin PBXContainerItemProxy section */
		149FAECB29FFED7400A9C741 /* PBXContainerItemProxy */ = {
			isa = PBXContainerItemProxy;
			containerPortal = 149FAEA929FFED7200A9C741 /* Project object */;
			proxyType = 1;
			remoteGlobalIDString = 149FAEB029FFED7200A9C741;
			remoteInfo = BeinSports;
		};
		149FAED529FFED7400A9C741 /* PBXContainerItemProxy */ = {
			isa = PBXContainerItemProxy;
			containerPortal = 149FAEA929FFED7200A9C741 /* Project object */;
			proxyType = 1;
			remoteGlobalIDString = 149FAEB029FFED7200A9C741;
			remoteInfo = BeinSports;
		};
/* End PBXContainerItemProxy section */

/* Begin PBXFileReference section */
		0CAA3BF19EEAB2EBADCB32CD /* Pods-BeinSports-BeinSportsUITests.release.xcconfig */ = {isa = PBXFileReference; includeInIndex = 1; lastKnownFileType = text.xcconfig; name = "Pods-BeinSports-BeinSportsUITests.release.xcconfig"; path = "Target Support Files/Pods-BeinSports-BeinSportsUITests/Pods-BeinSports-BeinSportsUITests.release.xcconfig"; sourceTree = "<group>"; };
		1457F23029FFF435005FC048 /* APIServices.swift */ = {isa = PBXFileReference; lastKnownFileType = sourcecode.swift; path = APIServices.swift; sourceTree = "<group>"; };
		1457F2342A00003F005FC048 /* Model.swift */ = {isa = PBXFileReference; lastKnownFileType = sourcecode.swift; path = Model.swift; sourceTree = "<group>"; };
		1475518D2A05C2F400436D74 /* PresenterLeaguesTableVC.swift */ = {isa = PBXFileReference; lastKnownFileType = sourcecode.swift; path = PresenterLeaguesTableVC.swift; sourceTree = "<group>"; };
		147551912A05CAEF00436D74 /* PresenterFixturesVC.swift */ = {isa = PBXFileReference; fileEncoding = 4; lastKnownFileType = sourcecode.swift; path = PresenterFixturesVC.swift; sourceTree = "<group>"; };
		147551932A05DA7400436D74 /* PresenterTeamDetailsVC.swift */ = {isa = PBXFileReference; fileEncoding = 4; lastKnownFileType = sourcecode.swift; path = PresenterTeamDetailsVC.swift; sourceTree = "<group>"; };
		147551952A05E4B200436D74 /* CoreData.swift */ = {isa = PBXFileReference; fileEncoding = 4; lastKnownFileType = sourcecode.swift; path = CoreData.swift; sourceTree = "<group>"; };
		147551992A05EA0700436D74 /* FavTableVC.swift */ = {isa = PBXFileReference; fileEncoding = 4; lastKnownFileType = sourcecode.swift; path = FavTableVC.swift; sourceTree = "<group>"; };
		14929FF42A0073880024D71E /* OnboardingCollectionViewCell.swift */ = {isa = PBXFileReference; fileEncoding = 4; lastKnownFileType = sourcecode.swift; path = OnboardingCollectionViewCell.swift; sourceTree = "<group>"; };
		14929FF52A0073880024D71E /* OnboardingViewController.swift */ = {isa = PBXFileReference; fileEncoding = 4; lastKnownFileType = sourcecode.swift; path = OnboardingViewController.swift; sourceTree = "<group>"; };
		14929FF82A0074200024D71E /* OnboaringSlide.swift */ = {isa = PBXFileReference; fileEncoding = 4; lastKnownFileType = sourcecode.swift; path = OnboaringSlide.swift; sourceTree = "<group>"; };
		14929FFB2A0074BA0024D71E /* UIView+Extension.swift */ = {isa = PBXFileReference; fileEncoding = 4; lastKnownFileType = sourcecode.swift; path = "UIView+Extension.swift"; sourceTree = "<group>"; };
		14929FFC2A0074BA0024D71E /* UIViewController+Extension.swift */ = {isa = PBXFileReference; fileEncoding = 4; lastKnownFileType = sourcecode.swift; path = "UIViewController+Extension.swift"; sourceTree = "<group>"; };
		14929FFD2A0074BA0024D71E /* String+Extension.swift */ = {isa = PBXFileReference; fileEncoding = 4; lastKnownFileType = sourcecode.swift; path = "String+Extension.swift"; sourceTree = "<group>"; };
		14929FFE2A0074BA0024D71E /* UserDefaults+Extension.swift */ = {isa = PBXFileReference; fileEncoding = 4; lastKnownFileType = sourcecode.swift; path = "UserDefaults+Extension.swift"; sourceTree = "<group>"; };
		1492A0072A0079140024D71E /* ResultCVCell.xib */ = {isa = PBXFileReference; fileEncoding = 4; lastKnownFileType = file.xib; path = ResultCVCell.xib; sourceTree = "<group>"; };
		1492A0082A0079140024D71E /* ResultCVCell.swift */ = {isa = PBXFileReference; fileEncoding = 4; lastKnownFileType = sourcecode.swift; path = ResultCVCell.swift; sourceTree = "<group>"; };
		1492A00A2A0079140024D71E /* TeamCVCell.swift */ = {isa = PBXFileReference; fileEncoding = 4; lastKnownFileType = sourcecode.swift; path = TeamCVCell.swift; sourceTree = "<group>"; };
		1492A00B2A0079140024D71E /* TeamCVCell.xib */ = {isa = PBXFileReference; fileEncoding = 4; lastKnownFileType = file.xib; path = TeamCVCell.xib; sourceTree = "<group>"; };
		1492A00D2A0079140024D71E /* EventCVCell.swift */ = {isa = PBXFileReference; fileEncoding = 4; lastKnownFileType = sourcecode.swift; path = EventCVCell.swift; sourceTree = "<group>"; };
		1492A00E2A0079140024D71E /* EventCVCell.xib */ = {isa = PBXFileReference; fileEncoding = 4; lastKnownFileType = file.xib; path = EventCVCell.xib; sourceTree = "<group>"; };
		1492A0102A0079140024D71E /* CustomTableCell.xib */ = {isa = PBXFileReference; fileEncoding = 4; lastKnownFileType = file.xib; path = CustomTableCell.xib; sourceTree = "<group>"; };
		1492A0112A0079140024D71E /* CustomTableCell.swift */ = {isa = PBXFileReference; fileEncoding = 4; lastKnownFileType = sourcecode.swift; path = CustomTableCell.swift; sourceTree = "<group>"; };
		1492A0132A0079140024D71E /* CustomCollectionViewCell.swift */ = {isa = PBXFileReference; fileEncoding = 4; lastKnownFileType = sourcecode.swift; path = CustomCollectionViewCell.swift; sourceTree = "<group>"; };
		1492A0142A0079140024D71E /* CustomCollectionViewCell.xib */ = {isa = PBXFileReference; fileEncoding = 4; lastKnownFileType = file.xib; path = CustomCollectionViewCell.xib; sourceTree = "<group>"; };
		1492A0212A011F520024D71E /* LeaguesTableVC.swift */ = {isa = PBXFileReference; lastKnownFileType = sourcecode.swift; path = LeaguesTableVC.swift; sourceTree = "<group>"; };
		14970D7A2A014A56003951D9 /* LauchScreenVC.swift */ = {isa = PBXFileReference; lastKnownFileType = sourcecode.swift; path = LauchScreenVC.swift; sourceTree = "<group>"; };
		14970D7D2A014DA4003951D9 /* splash.json */ = {isa = PBXFileReference; fileEncoding = 4; lastKnownFileType = text.json; path = splash.json; sourceTree = "<group>"; };
		149FAEB129FFED7200A9C741 /* BeinSports.app */ = {isa = PBXFileReference; explicitFileType = wrapper.application; includeInIndex = 0; path = BeinSports.app; sourceTree = BUILT_PRODUCTS_DIR; };
		149FAEB429FFED7200A9C741 /* AppDelegate.swift */ = {isa = PBXFileReference; lastKnownFileType = sourcecode.swift; path = AppDelegate.swift; sourceTree = "<group>"; };
		149FAEB629FFED7200A9C741 /* SceneDelegate.swift */ = {isa = PBXFileReference; lastKnownFileType = sourcecode.swift; path = SceneDelegate.swift; sourceTree = "<group>"; };
		149FAEB829FFED7200A9C741 /* HomeVC.swift */ = {isa = PBXFileReference; lastKnownFileType = sourcecode.swift; path = HomeVC.swift; sourceTree = "<group>"; };
		149FAEBB29FFED7200A9C741 /* Base */ = {isa = PBXFileReference; lastKnownFileType = file.storyboard; name = Base; path = Base.lproj/Main.storyboard; sourceTree = "<group>"; };
		149FAEBE29FFED7200A9C741 /* BeinSports.xcdatamodel */ = {isa = PBXFileReference; lastKnownFileType = wrapper.xcdatamodel; path = BeinSports.xcdatamodel; sourceTree = "<group>"; };
		149FAEC029FFED7400A9C741 /* Assets.xcassets */ = {isa = PBXFileReference; lastKnownFileType = folder.assetcatalog; path = Assets.xcassets; sourceTree = "<group>"; };
		149FAEC329FFED7400A9C741 /* Base */ = {isa = PBXFileReference; lastKnownFileType = file.storyboard; name = Base; path = Base.lproj/LaunchScreen.storyboard; sourceTree = "<group>"; };
		149FAEC529FFED7400A9C741 /* Info.plist */ = {isa = PBXFileReference; lastKnownFileType = text.plist.xml; path = Info.plist; sourceTree = "<group>"; };
		149FAECA29FFED7400A9C741 /* BeinSportsTests.xctest */ = {isa = PBXFileReference; explicitFileType = wrapper.cfbundle; includeInIndex = 0; path = BeinSportsTests.xctest; sourceTree = BUILT_PRODUCTS_DIR; };
		149FAECE29FFED7400A9C741 /* BeinSportsTests.swift */ = {isa = PBXFileReference; lastKnownFileType = sourcecode.swift; path = BeinSportsTests.swift; sourceTree = "<group>"; };
		149FAED429FFED7400A9C741 /* BeinSportsUITests.xctest */ = {isa = PBXFileReference; explicitFileType = wrapper.cfbundle; includeInIndex = 0; path = BeinSportsUITests.xctest; sourceTree = BUILT_PRODUCTS_DIR; };
		149FAED829FFED7400A9C741 /* BeinSportsUITests.swift */ = {isa = PBXFileReference; lastKnownFileType = sourcecode.swift; path = BeinSportsUITests.swift; sourceTree = "<group>"; };
		149FAEDA29FFED7400A9C741 /* BeinSportsUITestsLaunchTests.swift */ = {isa = PBXFileReference; lastKnownFileType = sourcecode.swift; path = BeinSportsUITestsLaunchTests.swift; sourceTree = "<group>"; };
		14A0F44D2A031FE3002C37CC /* TeamDetailsVC.swift */ = {isa = PBXFileReference; lastKnownFileType = sourcecode.swift; path = TeamDetailsVC.swift; sourceTree = "<group>"; };
		14A0F4522A0328F4002C37CC /* PlayersTableCell.swift */ = {isa = PBXFileReference; lastKnownFileType = sourcecode.swift; path = PlayersTableCell.swift; sourceTree = "<group>"; };
		14A0F4532A0328F4002C37CC /* PlayersTableCell.xib */ = {isa = PBXFileReference; lastKnownFileType = file.xib; path = PlayersTableCell.xib; sourceTree = "<group>"; };
		14A2E39F2A06B84A00C7CA63 /* PlayerDetailsVC.swift */ = {isa = PBXFileReference; fileEncoding = 4; lastKnownFileType = sourcecode.swift; path = PlayerDetailsVC.swift; sourceTree = "<group>"; };
		14A2E3A22A06E1F400C7CA63 /* Utls.swift */ = {isa = PBXFileReference; lastKnownFileType = sourcecode.swift; path = Utls.swift; sourceTree = "<group>"; };
		14ECCE9D2A0193AE000F9C03 /* FixturesVC.swift */ = {isa = PBXFileReference; lastKnownFileType = sourcecode.swift; path = FixturesVC.swift; sourceTree = "<group>"; };
		357C8525278F400EE3B39515 /* Pods-BeinSports.release.xcconfig */ = {isa = PBXFileReference; includeInIndex = 1; lastKnownFileType = text.xcconfig; name = "Pods-BeinSports.release.xcconfig"; path = "Target Support Files/Pods-BeinSports/Pods-BeinSports.release.xcconfig"; sourceTree = "<group>"; };
		36CCED2757D38C0D5B079CDE /* Pods_BeinSports.framework */ = {isa = PBXFileReference; explicitFileType = wrapper.framework; includeInIndex = 0; path = Pods_BeinSports.framework; sourceTree = BUILT_PRODUCTS_DIR; };
		864DC6021E235C46E0072B90 /* Pods_BeinSports_BeinSportsUITests.framework */ = {isa = PBXFileReference; explicitFileType = wrapper.framework; includeInIndex = 0; path = Pods_BeinSports_BeinSportsUITests.framework; sourceTree = BUILT_PRODUCTS_DIR; };
		C2AF4F9578F8169832A43F27 /* Pods_BeinSportsTests.framework */ = {isa = PBXFileReference; explicitFileType = wrapper.framework; includeInIndex = 0; path = Pods_BeinSportsTests.framework; sourceTree = BUILT_PRODUCTS_DIR; };
		CBAB481E17D6E9FA3BDE6C1B /* Pods-BeinSports-BeinSportsUITests.debug.xcconfig */ = {isa = PBXFileReference; includeInIndex = 1; lastKnownFileType = text.xcconfig; name = "Pods-BeinSports-BeinSportsUITests.debug.xcconfig"; path = "Target Support Files/Pods-BeinSports-BeinSportsUITests/Pods-BeinSports-BeinSportsUITests.debug.xcconfig"; sourceTree = "<group>"; };
		CE1DC0922446CC4EF8F4B90C /* Pods-BeinSportsTests.release.xcconfig */ = {isa = PBXFileReference; includeInIndex = 1; lastKnownFileType = text.xcconfig; name = "Pods-BeinSportsTests.release.xcconfig"; path = "Target Support Files/Pods-BeinSportsTests/Pods-BeinSportsTests.release.xcconfig"; sourceTree = "<group>"; };
		F82D5717478C633718BC5AD5 /* Pods-BeinSportsTests.debug.xcconfig */ = {isa = PBXFileReference; includeInIndex = 1; lastKnownFileType = text.xcconfig; name = "Pods-BeinSportsTests.debug.xcconfig"; path = "Target Support Files/Pods-BeinSportsTests/Pods-BeinSportsTests.debug.xcconfig"; sourceTree = "<group>"; };
		FEC8D781355630024B7A5E3D /* Pods-BeinSports.debug.xcconfig */ = {isa = PBXFileReference; includeInIndex = 1; lastKnownFileType = text.xcconfig; name = "Pods-BeinSports.debug.xcconfig"; path = "Target Support Files/Pods-BeinSports/Pods-BeinSports.debug.xcconfig"; sourceTree = "<group>"; };
/* End PBXFileReference section */

/* Begin PBXFrameworksBuildPhase section */
		149FAEAE29FFED7200A9C741 /* Frameworks */ = {
			isa = PBXFrameworksBuildPhase;
			buildActionMask = 2147483647;
			files = (
				AFB1D6CBE652C82217172DC0 /* Pods_BeinSports.framework in Frameworks */,
			);
			runOnlyForDeploymentPostprocessing = 0;
		};
		149FAEC729FFED7400A9C741 /* Frameworks */ = {
			isa = PBXFrameworksBuildPhase;
			buildActionMask = 2147483647;
			files = (
				0910BE0CD6E6FB93B2DAD38B /* Pods_BeinSportsTests.framework in Frameworks */,
			);
			runOnlyForDeploymentPostprocessing = 0;
		};
		149FAED129FFED7400A9C741 /* Frameworks */ = {
			isa = PBXFrameworksBuildPhase;
			buildActionMask = 2147483647;
			files = (
				1787117B165E962D1EF80655 /* Pods_BeinSports_BeinSportsUITests.framework in Frameworks */,
			);
			runOnlyForDeploymentPostprocessing = 0;
		};
/* End PBXFrameworksBuildPhase section */

/* Begin PBXGroup section */
		1475518C2A05C2B200436D74 /* presenter */ = {
			isa = PBXGroup;
			children = (
				147551932A05DA7400436D74 /* PresenterTeamDetailsVC.swift */,
				147551912A05CAEF00436D74 /* PresenterFixturesVC.swift */,
				1475518D2A05C2F400436D74 /* PresenterLeaguesTableVC.swift */,
			);
			path = presenter;
			sourceTree = "<group>";
		};
		14929FF32A0073880024D71E /* Onboarding */ = {
			isa = PBXGroup;
			children = (
				14929FF42A0073880024D71E /* OnboardingCollectionViewCell.swift */,
				14929FF82A0074200024D71E /* OnboaringSlide.swift */,
				14929FF52A0073880024D71E /* OnboardingViewController.swift */,
			);
			path = Onboarding;
			sourceTree = "<group>";
		};
		14929FFA2A0074BA0024D71E /* Extensions */ = {
			isa = PBXGroup;
			children = (
				14929FFB2A0074BA0024D71E /* UIView+Extension.swift */,
				14929FFC2A0074BA0024D71E /* UIViewController+Extension.swift */,
				14929FFD2A0074BA0024D71E /* String+Extension.swift */,
				14929FFE2A0074BA0024D71E /* UserDefaults+Extension.swift */,
			);
			path = Extensions;
			sourceTree = "<group>";
		};
		1492A0032A0075D80024D71E /* view */ = {
			isa = PBXGroup;
			children = (
				149FAEC229FFED7400A9C741 /* LaunchScreen.storyboard */,
				149FAEBA29FFED7200A9C741 /* Main.storyboard */,
				147551992A05EA0700436D74 /* FavTableVC.swift */,
				14970D7A2A014A56003951D9 /* LauchScreenVC.swift */,
				149FAEB829FFED7200A9C741 /* HomeVC.swift */,
				1492A0212A011F520024D71E /* LeaguesTableVC.swift */,
				14ECCE9D2A0193AE000F9C03 /* FixturesVC.swift */,
				14A0F44D2A031FE3002C37CC /* TeamDetailsVC.swift */,
				14A2E39F2A06B84A00C7CA63 /* PlayerDetailsVC.swift */,
				1492A0042A0079140024D71E /* Cells */,
				14929FF32A0073880024D71E /* Onboarding */,
			);
			path = view;
			sourceTree = "<group>";
		};
		1492A0042A0079140024D71E /* Cells */ = {
			isa = PBXGroup;
			children = (
				1492A0052A0079140024D71E /* LeagueDetails */,
				1492A00F2A0079140024D71E /* Leagues */,
				1492A0122A0079140024D71E /* Sports */,
			);
			path = Cells;
			sourceTree = "<group>";
		};
		1492A0052A0079140024D71E /* LeagueDetails */ = {
			isa = PBXGroup;
			children = (
				14A0F44F2A03282F002C37CC /* player */,
				1492A0062A0079140024D71E /* Result */,
				1492A0092A0079140024D71E /* Team */,
				1492A00C2A0079140024D71E /* Event */,
			);
			path = LeagueDetails;
			sourceTree = "<group>";
		};
		1492A0062A0079140024D71E /* Result */ = {
			isa = PBXGroup;
			children = (
				1492A0072A0079140024D71E /* ResultCVCell.xib */,
				1492A0082A0079140024D71E /* ResultCVCell.swift */,
			);
			path = Result;
			sourceTree = "<group>";
		};
		1492A0092A0079140024D71E /* Team */ = {
			isa = PBXGroup;
			children = (
				1492A00A2A0079140024D71E /* TeamCVCell.swift */,
				1492A00B2A0079140024D71E /* TeamCVCell.xib */,
			);
			path = Team;
			sourceTree = "<group>";
		};
		1492A00C2A0079140024D71E /* Event */ = {
			isa = PBXGroup;
			children = (
				1492A00D2A0079140024D71E /* EventCVCell.swift */,
				1492A00E2A0079140024D71E /* EventCVCell.xib */,
			);
			path = Event;
			sourceTree = "<group>";
		};
		1492A00F2A0079140024D71E /* Leagues */ = {
			isa = PBXGroup;
			children = (
				1492A0102A0079140024D71E /* CustomTableCell.xib */,
				1492A0112A0079140024D71E /* CustomTableCell.swift */,
			);
			path = Leagues;
			sourceTree = "<group>";
		};
		1492A0122A0079140024D71E /* Sports */ = {
			isa = PBXGroup;
			children = (
				1492A0132A0079140024D71E /* CustomCollectionViewCell.swift */,
				1492A0142A0079140024D71E /* CustomCollectionViewCell.xib */,
			);
			path = Sports;
			sourceTree = "<group>";
		};
		1492A01F2A0083670024D71E /* delegate */ = {
			isa = PBXGroup;
			children = (
				149FAEB429FFED7200A9C741 /* AppDelegate.swift */,
				149FAEB629FFED7200A9C741 /* SceneDelegate.swift */,
			);
			path = delegate;
			sourceTree = "<group>";
		};
		1492A0202A0088020024D71E /* model */ = {
			isa = PBXGroup;
			children = (
				1457F23029FFF435005FC048 /* APIServices.swift */,
				147551952A05E4B200436D74 /* CoreData.swift */,
				1457F2342A00003F005FC048 /* Model.swift */,
				149FAEBD29FFED7200A9C741 /* BeinSports.xcdatamodeld */,
			);
			path = model;
			sourceTree = "<group>";
		};
		14970D7C2A014D95003951D9 /* asset */ = {
			isa = PBXGroup;
			children = (
				14970D7D2A014DA4003951D9 /* splash.json */,
				149FAEC029FFED7400A9C741 /* Assets.xcassets */,
			);
			path = asset;
			sourceTree = "<group>";
		};
		149FAEA829FFED7200A9C741 = {
			isa = PBXGroup;
			children = (
				149FAEB329FFED7200A9C741 /* BeinSports */,
				149FAECD29FFED7400A9C741 /* BeinSportsTests */,
				149FAED729FFED7400A9C741 /* BeinSportsUITests */,
				149FAEB229FFED7200A9C741 /* Products */,
				AF9B0003C8303EA6DE9DE43A /* Pods */,
				C918353BA622FC6E3CFB23EC /* Frameworks */,
			);
			sourceTree = "<group>";
		};
		149FAEB229FFED7200A9C741 /* Products */ = {
			isa = PBXGroup;
			children = (
				149FAEB129FFED7200A9C741 /* BeinSports.app */,
				149FAECA29FFED7400A9C741 /* BeinSportsTests.xctest */,
				149FAED429FFED7400A9C741 /* BeinSportsUITests.xctest */,
			);
			name = Products;
			sourceTree = "<group>";
		};
		149FAEB329FFED7200A9C741 /* BeinSports */ = {
			isa = PBXGroup;
			children = (
				14A2E3A22A06E1F400C7CA63 /* Utls.swift */,
				1475518C2A05C2B200436D74 /* presenter */,
				14970D7C2A014D95003951D9 /* asset */,
				1492A0202A0088020024D71E /* model */,
				14929FFA2A0074BA0024D71E /* Extensions */,
				1492A0032A0075D80024D71E /* view */,
				149FAEC529FFED7400A9C741 /* Info.plist */,
				1492A01F2A0083670024D71E /* delegate */,
			);
			path = BeinSports;
			sourceTree = "<group>";
		};
		149FAECD29FFED7400A9C741 /* BeinSportsTests */ = {
			isa = PBXGroup;
			children = (
				149FAECE29FFED7400A9C741 /* BeinSportsTests.swift */,
			);
			path = BeinSportsTests;
			sourceTree = "<group>";
		};
		149FAED729FFED7400A9C741 /* BeinSportsUITests */ = {
			isa = PBXGroup;
			children = (
				149FAED829FFED7400A9C741 /* BeinSportsUITests.swift */,
				149FAEDA29FFED7400A9C741 /* BeinSportsUITestsLaunchTests.swift */,
			);
			path = BeinSportsUITests;
			sourceTree = "<group>";
		};
		14A0F44F2A03282F002C37CC /* player */ = {
			isa = PBXGroup;
			children = (
				14A0F4522A0328F4002C37CC /* PlayersTableCell.swift */,
				14A0F4532A0328F4002C37CC /* PlayersTableCell.xib */,
			);
			path = player;
			sourceTree = "<group>";
		};
		AF9B0003C8303EA6DE9DE43A /* Pods */ = {
			isa = PBXGroup;
			children = (
				FEC8D781355630024B7A5E3D /* Pods-BeinSports.debug.xcconfig */,
				357C8525278F400EE3B39515 /* Pods-BeinSports.release.xcconfig */,
				CBAB481E17D6E9FA3BDE6C1B /* Pods-BeinSports-BeinSportsUITests.debug.xcconfig */,
				0CAA3BF19EEAB2EBADCB32CD /* Pods-BeinSports-BeinSportsUITests.release.xcconfig */,
				F82D5717478C633718BC5AD5 /* Pods-BeinSportsTests.debug.xcconfig */,
				CE1DC0922446CC4EF8F4B90C /* Pods-BeinSportsTests.release.xcconfig */,
			);
			path = Pods;
			sourceTree = "<group>";
		};
		C918353BA622FC6E3CFB23EC /* Frameworks */ = {
			isa = PBXGroup;
			children = (
				36CCED2757D38C0D5B079CDE /* Pods_BeinSports.framework */,
				864DC6021E235C46E0072B90 /* Pods_BeinSports_BeinSportsUITests.framework */,
				C2AF4F9578F8169832A43F27 /* Pods_BeinSportsTests.framework */,
			);
			name = Frameworks;
			sourceTree = "<group>";
		};
/* End PBXGroup section */

/* Begin PBXNativeTarget section */
		149FAEB029FFED7200A9C741 /* BeinSports */ = {
			isa = PBXNativeTarget;
			buildConfigurationList = 149FAEDE29FFED7400A9C741 /* Build configuration list for PBXNativeTarget "BeinSports" */;
			buildPhases = (
				172D6AFE4CCCCF0FF2A65019 /* [CP] Check Pods Manifest.lock */,
				149FAEAD29FFED7200A9C741 /* Sources */,
				149FAEAE29FFED7200A9C741 /* Frameworks */,
				149FAEAF29FFED7200A9C741 /* Resources */,
				09CFAFFB2EA6FF67B73B6E7B /* [CP] Embed Pods Frameworks */,
			);
			buildRules = (
			);
			dependencies = (
			);
			name = BeinSports;
			productName = BeinSports;
			productReference = 149FAEB129FFED7200A9C741 /* BeinSports.app */;
			productType = "com.apple.product-type.application";
		};
		149FAEC929FFED7400A9C741 /* BeinSportsTests */ = {
			isa = PBXNativeTarget;
			buildConfigurationList = 149FAEE129FFED7400A9C741 /* Build configuration list for PBXNativeTarget "BeinSportsTests" */;
			buildPhases = (
				E8BB55B07B1057A744CB5F14 /* [CP] Check Pods Manifest.lock */,
				149FAEC629FFED7400A9C741 /* Sources */,
				149FAEC729FFED7400A9C741 /* Frameworks */,
				149FAEC829FFED7400A9C741 /* Resources */,
			);
			buildRules = (
			);
			dependencies = (
				149FAECC29FFED7400A9C741 /* PBXTargetDependency */,
			);
			name = BeinSportsTests;
			productName = BeinSportsTests;
			productReference = 149FAECA29FFED7400A9C741 /* BeinSportsTests.xctest */;
			productType = "com.apple.product-type.bundle.unit-test";
		};
		149FAED329FFED7400A9C741 /* BeinSportsUITests */ = {
			isa = PBXNativeTarget;
			buildConfigurationList = 149FAEE429FFED7400A9C741 /* Build configuration list for PBXNativeTarget "BeinSportsUITests" */;
			buildPhases = (
				109CBDD8BBAB5C8E70E6BEBF /* [CP] Check Pods Manifest.lock */,
				149FAED029FFED7400A9C741 /* Sources */,
				149FAED129FFED7400A9C741 /* Frameworks */,
				149FAED229FFED7400A9C741 /* Resources */,
				FD59A813CB91F21C0A23EE28 /* [CP] Embed Pods Frameworks */,
			);
			buildRules = (
			);
			dependencies = (
				149FAED629FFED7400A9C741 /* PBXTargetDependency */,
			);
			name = BeinSportsUITests;
			productName = BeinSportsUITests;
			productReference = 149FAED429FFED7400A9C741 /* BeinSportsUITests.xctest */;
			productType = "com.apple.product-type.bundle.ui-testing";
		};
/* End PBXNativeTarget section */

/* Begin PBXProject section */
		149FAEA929FFED7200A9C741 /* Project object */ = {
			isa = PBXProject;
			attributes = {
				BuildIndependentTargetsInParallel = 1;
				LastSwiftUpdateCheck = 1430;
				LastUpgradeCheck = 1430;
				TargetAttributes = {
					149FAEB029FFED7200A9C741 = {
						CreatedOnToolsVersion = 14.3;
					};
					149FAEC929FFED7400A9C741 = {
						CreatedOnToolsVersion = 14.3;
						TestTargetID = 149FAEB029FFED7200A9C741;
					};
					149FAED329FFED7400A9C741 = {
						CreatedOnToolsVersion = 14.3;
						TestTargetID = 149FAEB029FFED7200A9C741;
					};
				};
			};
			buildConfigurationList = 149FAEAC29FFED7200A9C741 /* Build configuration list for PBXProject "BeinSports" */;
			compatibilityVersion = "Xcode 14.0";
			developmentRegion = en;
			hasScannedForEncodings = 0;
			knownRegions = (
				en,
				Base,
			);
			mainGroup = 149FAEA829FFED7200A9C741;
			productRefGroup = 149FAEB229FFED7200A9C741 /* Products */;
			projectDirPath = "";
			projectRoot = "";
			targets = (
				149FAEB029FFED7200A9C741 /* BeinSports */,
				149FAEC929FFED7400A9C741 /* BeinSportsTests */,
				149FAED329FFED7400A9C741 /* BeinSportsUITests */,
			);
		};
/* End PBXProject section */

/* Begin PBXResourcesBuildPhase section */
		149FAEAF29FFED7200A9C741 /* Resources */ = {
			isa = PBXResourcesBuildPhase;
			buildActionMask = 2147483647;
			files = (
				149FAEC429FFED7400A9C741 /* LaunchScreen.storyboard in Resources */,
				14A0F4552A0328F4002C37CC /* PlayersTableCell.xib in Resources */,
				1492A0152A0079150024D71E /* ResultCVCell.xib in Resources */,
				1492A01B2A0079150024D71E /* CustomTableCell.xib in Resources */,
				149FAEC129FFED7400A9C741 /* Assets.xcassets in Resources */,
				1492A01A2A0079150024D71E /* EventCVCell.xib in Resources */,
				1492A0182A0079150024D71E /* TeamCVCell.xib in Resources */,
				14970D7E2A014DA4003951D9 /* splash.json in Resources */,
				149FAEBC29FFED7200A9C741 /* Main.storyboard in Resources */,
				1492A01E2A0079150024D71E /* CustomCollectionViewCell.xib in Resources */,
			);
			runOnlyForDeploymentPostprocessing = 0;
		};
		149FAEC829FFED7400A9C741 /* Resources */ = {
			isa = PBXResourcesBuildPhase;
			buildActionMask = 2147483647;
			files = (
			);
			runOnlyForDeploymentPostprocessing = 0;
		};
		149FAED229FFED7400A9C741 /* Resources */ = {
			isa = PBXResourcesBuildPhase;
			buildActionMask = 2147483647;
			files = (
			);
			runOnlyForDeploymentPostprocessing = 0;
		};
/* End PBXResourcesBuildPhase section */

/* Begin PBXShellScriptBuildPhase section */
		09CFAFFB2EA6FF67B73B6E7B /* [CP] Embed Pods Frameworks */ = {
			isa = PBXShellScriptBuildPhase;
			buildActionMask = 2147483647;
			files = (
			);
			inputFileListPaths = (
				"${PODS_ROOT}/Target Support Files/Pods-BeinSports/Pods-BeinSports-frameworks-${CONFIGURATION}-input-files.xcfilelist",
			);
			name = "[CP] Embed Pods Frameworks";
			outputFileListPaths = (
				"${PODS_ROOT}/Target Support Files/Pods-BeinSports/Pods-BeinSports-frameworks-${CONFIGURATION}-output-files.xcfilelist",
			);
			runOnlyForDeploymentPostprocessing = 0;
			shellPath = /bin/sh;
			shellScript = "\"${PODS_ROOT}/Target Support Files/Pods-BeinSports/Pods-BeinSports-frameworks.sh\"\n";
			showEnvVarsInLog = 0;
		};
		109CBDD8BBAB5C8E70E6BEBF /* [CP] Check Pods Manifest.lock */ = {
			isa = PBXShellScriptBuildPhase;
			buildActionMask = 2147483647;
			files = (
			);
			inputFileListPaths = (
			);
			inputPaths = (
				"${PODS_PODFILE_DIR_PATH}/Podfile.lock",
				"${PODS_ROOT}/Manifest.lock",
			);
			name = "[CP] Check Pods Manifest.lock";
			outputFileListPaths = (
			);
			outputPaths = (
				"$(DERIVED_FILE_DIR)/Pods-BeinSports-BeinSportsUITests-checkManifestLockResult.txt",
			);
			runOnlyForDeploymentPostprocessing = 0;
			shellPath = /bin/sh;
			shellScript = "diff \"${PODS_PODFILE_DIR_PATH}/Podfile.lock\" \"${PODS_ROOT}/Manifest.lock\" > /dev/null\nif [ $? != 0 ] ; then\n    # print error to STDERR\n    echo \"error: The sandbox is not in sync with the Podfile.lock. Run 'pod install' or update your CocoaPods installation.\" >&2\n    exit 1\nfi\n# This output is used by Xcode 'outputs' to avoid re-running this script phase.\necho \"SUCCESS\" > \"${SCRIPT_OUTPUT_FILE_0}\"\n";
			showEnvVarsInLog = 0;
		};
		172D6AFE4CCCCF0FF2A65019 /* [CP] Check Pods Manifest.lock */ = {
			isa = PBXShellScriptBuildPhase;
			buildActionMask = 2147483647;
			files = (
			);
			inputFileListPaths = (
			);
			inputPaths = (
				"${PODS_PODFILE_DIR_PATH}/Podfile.lock",
				"${PODS_ROOT}/Manifest.lock",
			);
			name = "[CP] Check Pods Manifest.lock";
			outputFileListPaths = (
			);
			outputPaths = (
				"$(DERIVED_FILE_DIR)/Pods-BeinSports-checkManifestLockResult.txt",
			);
			runOnlyForDeploymentPostprocessing = 0;
			shellPath = /bin/sh;
			shellScript = "diff \"${PODS_PODFILE_DIR_PATH}/Podfile.lock\" \"${PODS_ROOT}/Manifest.lock\" > /dev/null\nif [ $? != 0 ] ; then\n    # print error to STDERR\n    echo \"error: The sandbox is not in sync with the Podfile.lock. Run 'pod install' or update your CocoaPods installation.\" >&2\n    exit 1\nfi\n# This output is used by Xcode 'outputs' to avoid re-running this script phase.\necho \"SUCCESS\" > \"${SCRIPT_OUTPUT_FILE_0}\"\n";
			showEnvVarsInLog = 0;
		};
		E8BB55B07B1057A744CB5F14 /* [CP] Check Pods Manifest.lock */ = {
			isa = PBXShellScriptBuildPhase;
			buildActionMask = 2147483647;
			files = (
			);
			inputFileListPaths = (
			);
			inputPaths = (
				"${PODS_PODFILE_DIR_PATH}/Podfile.lock",
				"${PODS_ROOT}/Manifest.lock",
			);
			name = "[CP] Check Pods Manifest.lock";
			outputFileListPaths = (
			);
			outputPaths = (
				"$(DERIVED_FILE_DIR)/Pods-BeinSportsTests-checkManifestLockResult.txt",
			);
			runOnlyForDeploymentPostprocessing = 0;
			shellPath = /bin/sh;
			shellScript = "diff \"${PODS_PODFILE_DIR_PATH}/Podfile.lock\" \"${PODS_ROOT}/Manifest.lock\" > /dev/null\nif [ $? != 0 ] ; then\n    # print error to STDERR\n    echo \"error: The sandbox is not in sync with the Podfile.lock. Run 'pod install' or update your CocoaPods installation.\" >&2\n    exit 1\nfi\n# This output is used by Xcode 'outputs' to avoid re-running this script phase.\necho \"SUCCESS\" > \"${SCRIPT_OUTPUT_FILE_0}\"\n";
			showEnvVarsInLog = 0;
		};
		FD59A813CB91F21C0A23EE28 /* [CP] Embed Pods Frameworks */ = {
			isa = PBXShellScriptBuildPhase;
			buildActionMask = 2147483647;
			files = (
			);
			inputFileListPaths = (
				"${PODS_ROOT}/Target Support Files/Pods-BeinSports-BeinSportsUITests/Pods-BeinSports-BeinSportsUITests-frameworks-${CONFIGURATION}-input-files.xcfilelist",
			);
			name = "[CP] Embed Pods Frameworks";
			outputFileListPaths = (
				"${PODS_ROOT}/Target Support Files/Pods-BeinSports-BeinSportsUITests/Pods-BeinSports-BeinSportsUITests-frameworks-${CONFIGURATION}-output-files.xcfilelist",
			);
			runOnlyForDeploymentPostprocessing = 0;
			shellPath = /bin/sh;
			shellScript = "\"${PODS_ROOT}/Target Support Files/Pods-BeinSports-BeinSportsUITests/Pods-BeinSports-BeinSportsUITests-frameworks.sh\"\n";
			showEnvVarsInLog = 0;
		};
/* End PBXShellScriptBuildPhase section */

/* Begin PBXSourcesBuildPhase section */
		149FAEAD29FFED7200A9C741 /* Sources */ = {
			isa = PBXSourcesBuildPhase;
			buildActionMask = 2147483647;
			files = (
				1492A0002A0074BA0024D71E /* UIViewController+Extension.swift in Sources */,
				14A0F4542A0328F4002C37CC /* PlayersTableCell.swift in Sources */,
				14929FFF2A0074BA0024D71E /* UIView+Extension.swift in Sources */,
				14ECCE9E2A0193AE000F9C03 /* FixturesVC.swift in Sources */,
				147551962A05E4B200436D74 /* CoreData.swift in Sources */,
				1475519A2A05EA0700436D74 /* FavTableVC.swift in Sources */,
				1457F2352A00003F005FC048 /* Model.swift in Sources */,
				14A2E3A32A06E1F400C7CA63 /* Utls.swift in Sources */,
				1492A0162A0079150024D71E /* ResultCVCell.swift in Sources */,
				1457F23129FFF435005FC048 /* APIServices.swift in Sources */,
				147551922A05CAEF00436D74 /* PresenterFixturesVC.swift in Sources */,
				147551942A05DA7400436D74 /* PresenterTeamDetailsVC.swift in Sources */,
				149FAEBF29FFED7200A9C741 /* BeinSports.xcdatamodeld in Sources */,
				1492A01D2A0079150024D71E /* CustomCollectionViewCell.swift in Sources */,
				14929FF62A0073880024D71E /* OnboardingCollectionViewCell.swift in Sources */,
				1492A0022A0074BA0024D71E /* UserDefaults+Extension.swift in Sources */,
				14A0F44E2A031FE3002C37CC /* TeamDetailsVC.swift in Sources */,
				14A2E3A02A06B84A00C7CA63 /* PlayerDetailsVC.swift in Sources */,
				1492A0012A0074BA0024D71E /* String+Extension.swift in Sources */,
				1492A0222A011F520024D71E /* LeaguesTableVC.swift in Sources */,
				149FAEB929FFED7200A9C741 /* HomeVC.swift in Sources */,
				1475518E2A05C2F400436D74 /* PresenterLeaguesTableVC.swift in Sources */,
				1492A01C2A0079150024D71E /* CustomTableCell.swift in Sources */,
				1492A0172A0079150024D71E /* TeamCVCell.swift in Sources */,
				14970D7B2A014A56003951D9 /* LauchScreenVC.swift in Sources */,
				149FAEB529FFED7200A9C741 /* AppDelegate.swift in Sources */,
				14929FF72A0073880024D71E /* OnboardingViewController.swift in Sources */,
				1492A0192A0079150024D71E /* EventCVCell.swift in Sources */,
				149FAEB729FFED7200A9C741 /* SceneDelegate.swift in Sources */,
				14929FF92A0074200024D71E /* OnboaringSlide.swift in Sources */,
			);
			runOnlyForDeploymentPostprocessing = 0;
		};
		149FAEC629FFED7400A9C741 /* Sources */ = {
			isa = PBXSourcesBuildPhase;
			buildActionMask = 2147483647;
			files = (
				149FAECF29FFED7400A9C741 /* BeinSportsTests.swift in Sources */,
			);
			runOnlyForDeploymentPostprocessing = 0;
		};
		149FAED029FFED7400A9C741 /* Sources */ = {
			isa = PBXSourcesBuildPhase;
			buildActionMask = 2147483647;
			files = (
				149FAED929FFED7400A9C741 /* BeinSportsUITests.swift in Sources */,
				149FAEDB29FFED7400A9C741 /* BeinSportsUITestsLaunchTests.swift in Sources */,
			);
			runOnlyForDeploymentPostprocessing = 0;
		};
/* End PBXSourcesBuildPhase section */

/* Begin PBXTargetDependency section */
		149FAECC29FFED7400A9C741 /* PBXTargetDependency */ = {
			isa = PBXTargetDependency;
			target = 149FAEB029FFED7200A9C741 /* BeinSports */;
			targetProxy = 149FAECB29FFED7400A9C741 /* PBXContainerItemProxy */;
		};
		149FAED629FFED7400A9C741 /* PBXTargetDependency */ = {
			isa = PBXTargetDependency;
			target = 149FAEB029FFED7200A9C741 /* BeinSports */;
			targetProxy = 149FAED529FFED7400A9C741 /* PBXContainerItemProxy */;
		};
/* End PBXTargetDependency section */

/* Begin PBXVariantGroup section */
		149FAEBA29FFED7200A9C741 /* Main.storyboard */ = {
			isa = PBXVariantGroup;
			children = (
				149FAEBB29FFED7200A9C741 /* Base */,
			);
			name = Main.storyboard;
			sourceTree = "<group>";
		};
		149FAEC229FFED7400A9C741 /* LaunchScreen.storyboard */ = {
			isa = PBXVariantGroup;
			children = (
				149FAEC329FFED7400A9C741 /* Base */,
			);
			name = LaunchScreen.storyboard;
			sourceTree = "<group>";
		};
/* End PBXVariantGroup section */

/* Begin XCBuildConfiguration section */
		149FAEDC29FFED7400A9C741 /* Debug */ = {
			isa = XCBuildConfiguration;
			buildSettings = {
				ALWAYS_SEARCH_USER_PATHS = NO;
				CLANG_ANALYZER_NONNULL = YES;
				CLANG_ANALYZER_NUMBER_OBJECT_CONVERSION = YES_AGGRESSIVE;
				CLANG_CXX_LANGUAGE_STANDARD = "gnu++20";
				CLANG_ENABLE_MODULES = YES;
				CLANG_ENABLE_OBJC_ARC = YES;
				CLANG_ENABLE_OBJC_WEAK = YES;
				CLANG_WARN_BLOCK_CAPTURE_AUTORELEASING = YES;
				CLANG_WARN_BOOL_CONVERSION = YES;
				CLANG_WARN_COMMA = YES;
				CLANG_WARN_CONSTANT_CONVERSION = YES;
				CLANG_WARN_DEPRECATED_OBJC_IMPLEMENTATIONS = YES;
				CLANG_WARN_DIRECT_OBJC_ISA_USAGE = YES_ERROR;
				CLANG_WARN_DOCUMENTATION_COMMENTS = YES;
				CLANG_WARN_EMPTY_BODY = YES;
				CLANG_WARN_ENUM_CONVERSION = YES;
				CLANG_WARN_INFINITE_RECURSION = YES;
				CLANG_WARN_INT_CONVERSION = YES;
				CLANG_WARN_NON_LITERAL_NULL_CONVERSION = YES;
				CLANG_WARN_OBJC_IMPLICIT_RETAIN_SELF = YES;
				CLANG_WARN_OBJC_LITERAL_CONVERSION = YES;
				CLANG_WARN_OBJC_ROOT_CLASS = YES_ERROR;
				CLANG_WARN_QUOTED_INCLUDE_IN_FRAMEWORK_HEADER = YES;
				CLANG_WARN_RANGE_LOOP_ANALYSIS = YES;
				CLANG_WARN_STRICT_PROTOTYPES = YES;
				CLANG_WARN_SUSPICIOUS_MOVE = YES;
				CLANG_WARN_UNGUARDED_AVAILABILITY = YES_AGGRESSIVE;
				CLANG_WARN_UNREACHABLE_CODE = YES;
				CLANG_WARN__DUPLICATE_METHOD_MATCH = YES;
				COPY_PHASE_STRIP = NO;
				DEBUG_INFORMATION_FORMAT = dwarf;
				ENABLE_STRICT_OBJC_MSGSEND = YES;
				ENABLE_TESTABILITY = YES;
				GCC_C_LANGUAGE_STANDARD = gnu11;
				GCC_DYNAMIC_NO_PIC = NO;
				GCC_NO_COMMON_BLOCKS = YES;
				GCC_OPTIMIZATION_LEVEL = 0;
				GCC_PREPROCESSOR_DEFINITIONS = (
					"DEBUG=1",
					"$(inherited)",
				);
				GCC_WARN_64_TO_32_BIT_CONVERSION = YES;
				GCC_WARN_ABOUT_RETURN_TYPE = YES_ERROR;
				GCC_WARN_UNDECLARED_SELECTOR = YES;
				GCC_WARN_UNINITIALIZED_AUTOS = YES_AGGRESSIVE;
				GCC_WARN_UNUSED_FUNCTION = YES;
				GCC_WARN_UNUSED_VARIABLE = YES;
				IPHONEOS_DEPLOYMENT_TARGET = 16.4;
				MTL_ENABLE_DEBUG_INFO = INCLUDE_SOURCE;
				MTL_FAST_MATH = YES;
				ONLY_ACTIVE_ARCH = YES;
				SDKROOT = iphoneos;
				SWIFT_ACTIVE_COMPILATION_CONDITIONS = DEBUG;
				SWIFT_OPTIMIZATION_LEVEL = "-Onone";
			};
			name = Debug;
		};
		149FAEDD29FFED7400A9C741 /* Release */ = {
			isa = XCBuildConfiguration;
			buildSettings = {
				ALWAYS_SEARCH_USER_PATHS = NO;
				CLANG_ANALYZER_NONNULL = YES;
				CLANG_ANALYZER_NUMBER_OBJECT_CONVERSION = YES_AGGRESSIVE;
				CLANG_CXX_LANGUAGE_STANDARD = "gnu++20";
				CLANG_ENABLE_MODULES = YES;
				CLANG_ENABLE_OBJC_ARC = YES;
				CLANG_ENABLE_OBJC_WEAK = YES;
				CLANG_WARN_BLOCK_CAPTURE_AUTORELEASING = YES;
				CLANG_WARN_BOOL_CONVERSION = YES;
				CLANG_WARN_COMMA = YES;
				CLANG_WARN_CONSTANT_CONVERSION = YES;
				CLANG_WARN_DEPRECATED_OBJC_IMPLEMENTATIONS = YES;
				CLANG_WARN_DIRECT_OBJC_ISA_USAGE = YES_ERROR;
				CLANG_WARN_DOCUMENTATION_COMMENTS = YES;
				CLANG_WARN_EMPTY_BODY = YES;
				CLANG_WARN_ENUM_CONVERSION = YES;
				CLANG_WARN_INFINITE_RECURSION = YES;
				CLANG_WARN_INT_CONVERSION = YES;
				CLANG_WARN_NON_LITERAL_NULL_CONVERSION = YES;
				CLANG_WARN_OBJC_IMPLICIT_RETAIN_SELF = YES;
				CLANG_WARN_OBJC_LITERAL_CONVERSION = YES;
				CLANG_WARN_OBJC_ROOT_CLASS = YES_ERROR;
				CLANG_WARN_QUOTED_INCLUDE_IN_FRAMEWORK_HEADER = YES;
				CLANG_WARN_RANGE_LOOP_ANALYSIS = YES;
				CLANG_WARN_STRICT_PROTOTYPES = YES;
				CLANG_WARN_SUSPICIOUS_MOVE = YES;
				CLANG_WARN_UNGUARDED_AVAILABILITY = YES_AGGRESSIVE;
				CLANG_WARN_UNREACHABLE_CODE = YES;
				CLANG_WARN__DUPLICATE_METHOD_MATCH = YES;
				COPY_PHASE_STRIP = NO;
				DEBUG_INFORMATION_FORMAT = "dwarf-with-dsym";
				ENABLE_NS_ASSERTIONS = NO;
				ENABLE_STRICT_OBJC_MSGSEND = YES;
				GCC_C_LANGUAGE_STANDARD = gnu11;
				GCC_NO_COMMON_BLOCKS = YES;
				GCC_WARN_64_TO_32_BIT_CONVERSION = YES;
				GCC_WARN_ABOUT_RETURN_TYPE = YES_ERROR;
				GCC_WARN_UNDECLARED_SELECTOR = YES;
				GCC_WARN_UNINITIALIZED_AUTOS = YES_AGGRESSIVE;
				GCC_WARN_UNUSED_FUNCTION = YES;
				GCC_WARN_UNUSED_VARIABLE = YES;
				IPHONEOS_DEPLOYMENT_TARGET = 16.4;
				MTL_ENABLE_DEBUG_INFO = NO;
				MTL_FAST_MATH = YES;
				SDKROOT = iphoneos;
				SWIFT_COMPILATION_MODE = wholemodule;
				SWIFT_OPTIMIZATION_LEVEL = "-O";
				VALIDATE_PRODUCT = YES;
			};
			name = Release;
		};
		149FAEDF29FFED7400A9C741 /* Debug */ = {
			isa = XCBuildConfiguration;
			baseConfigurationReference = FEC8D781355630024B7A5E3D /* Pods-BeinSports.debug.xcconfig */;
			buildSettings = {
				ASSETCATALOG_COMPILER_APPICON_NAME = AppIcon;
				ASSETCATALOG_COMPILER_GLOBAL_ACCENT_COLOR_NAME = AccentColor;
				CODE_SIGN_STYLE = Automatic;
				CURRENT_PROJECT_VERSION = 1;
				DEVELOPMENT_TEAM = JR63HU3RZ5;
				GENERATE_INFOPLIST_FILE = YES;
				INFOPLIST_FILE = BeinSports/Info.plist;
				INFOPLIST_KEY_UIApplicationSupportsIndirectInputEvents = YES;
				INFOPLIST_KEY_UILaunchStoryboardName = LaunchScreen;
				INFOPLIST_KEY_UIMainStoryboardFile = Main;
				INFOPLIST_KEY_UISupportedInterfaceOrientations_iPad = "UIInterfaceOrientationPortrait UIInterfaceOrientationPortraitUpsideDown UIInterfaceOrientationLandscapeLeft UIInterfaceOrientationLandscapeRight";
				INFOPLIST_KEY_UISupportedInterfaceOrientations_iPhone = "UIInterfaceOrientationPortrait UIInterfaceOrientationLandscapeLeft UIInterfaceOrientationLandscapeRight";
				LD_RUNPATH_SEARCH_PATHS = (
					"$(inherited)",
					"@executable_path/Frameworks",
				);
				MARKETING_VERSION = 1.0;
				PRODUCT_BUNDLE_IDENTIFIER = app.fathi.BeinSports;
				PRODUCT_NAME = "$(TARGET_NAME)";
				SWIFT_EMIT_LOC_STRINGS = YES;
				SWIFT_VERSION = 5.0;
				TARGETED_DEVICE_FAMILY = "1,2";
			};
			name = Debug;
		};
		149FAEE029FFED7400A9C741 /* Release */ = {
			isa = XCBuildConfiguration;
			baseConfigurationReference = 357C8525278F400EE3B39515 /* Pods-BeinSports.release.xcconfig */;
			buildSettings = {
				ASSETCATALOG_COMPILER_APPICON_NAME = AppIcon;
				ASSETCATALOG_COMPILER_GLOBAL_ACCENT_COLOR_NAME = AccentColor;
				CODE_SIGN_STYLE = Automatic;
				CURRENT_PROJECT_VERSION = 1;
				DEVELOPMENT_TEAM = JR63HU3RZ5;
				GENERATE_INFOPLIST_FILE = YES;
				INFOPLIST_FILE = BeinSports/Info.plist;
				INFOPLIST_KEY_UIApplicationSupportsIndirectInputEvents = YES;
				INFOPLIST_KEY_UILaunchStoryboardName = LaunchScreen;
				INFOPLIST_KEY_UIMainStoryboardFile = Main;
				INFOPLIST_KEY_UISupportedInterfaceOrientations_iPad = "UIInterfaceOrientationPortrait UIInterfaceOrientationPortraitUpsideDown UIInterfaceOrientationLandscapeLeft UIInterfaceOrientationLandscapeRight";
				INFOPLIST_KEY_UISupportedInterfaceOrientations_iPhone = "UIInterfaceOrientationPortrait UIInterfaceOrientationLandscapeLeft UIInterfaceOrientationLandscapeRight";
				LD_RUNPATH_SEARCH_PATHS = (
					"$(inherited)",
					"@executable_path/Frameworks",
				);
				MARKETING_VERSION = 1.0;
				PRODUCT_BUNDLE_IDENTIFIER = app.fathi.BeinSports;
				PRODUCT_NAME = "$(TARGET_NAME)";
				SWIFT_EMIT_LOC_STRINGS = YES;
				SWIFT_VERSION = 5.0;
				TARGETED_DEVICE_FAMILY = "1,2";
			};
			name = Release;
		};
		149FAEE229FFED7400A9C741 /* Debug */ = {
			isa = XCBuildConfiguration;
			baseConfigurationReference = F82D5717478C633718BC5AD5 /* Pods-BeinSportsTests.debug.xcconfig */;
			buildSettings = {
				ALWAYS_EMBED_SWIFT_STANDARD_LIBRARIES = YES;
				BUNDLE_LOADER = "$(TEST_HOST)";
				CODE_SIGN_STYLE = Automatic;
				CURRENT_PROJECT_VERSION = 1;
				GENERATE_INFOPLIST_FILE = YES;
				IPHONEOS_DEPLOYMENT_TARGET = 16.4;
				MARKETING_VERSION = 1.0;
				PRODUCT_BUNDLE_IDENTIFIER = app.fathi.BeinSportsTests;
				PRODUCT_NAME = "$(TARGET_NAME)";
				SWIFT_EMIT_LOC_STRINGS = NO;
				SWIFT_VERSION = 5.0;
				TARGETED_DEVICE_FAMILY = "1,2";
				TEST_HOST = "$(BUILT_PRODUCTS_DIR)/BeinSports.app/$(BUNDLE_EXECUTABLE_FOLDER_PATH)/BeinSports";
			};
			name = Debug;
		};
		149FAEE329FFED7400A9C741 /* Release */ = {
			isa = XCBuildConfiguration;
			baseConfigurationReference = CE1DC0922446CC4EF8F4B90C /* Pods-BeinSportsTests.release.xcconfig */;
			buildSettings = {
				ALWAYS_EMBED_SWIFT_STANDARD_LIBRARIES = YES;
				BUNDLE_LOADER = "$(TEST_HOST)";
				CODE_SIGN_STYLE = Automatic;
				CURRENT_PROJECT_VERSION = 1;
				GENERATE_INFOPLIST_FILE = YES;
				IPHONEOS_DEPLOYMENT_TARGET = 16.4;
				MARKETING_VERSION = 1.0;
				PRODUCT_BUNDLE_IDENTIFIER = app.fathi.BeinSportsTests;
				PRODUCT_NAME = "$(TARGET_NAME)";
				SWIFT_EMIT_LOC_STRINGS = NO;
				SWIFT_VERSION = 5.0;
				TARGETED_DEVICE_FAMILY = "1,2";
				TEST_HOST = "$(BUILT_PRODUCTS_DIR)/BeinSports.app/$(BUNDLE_EXECUTABLE_FOLDER_PATH)/BeinSports";
			};
			name = Release;
		};
		149FAEE529FFED7400A9C741 /* Debug */ = {
			isa = XCBuildConfiguration;
			baseConfigurationReference = CBAB481E17D6E9FA3BDE6C1B /* Pods-BeinSports-BeinSportsUITests.debug.xcconfig */;
			buildSettings = {
				ALWAYS_EMBED_SWIFT_STANDARD_LIBRARIES = YES;
				CODE_SIGN_STYLE = Automatic;
				CURRENT_PROJECT_VERSION = 1;
				GENERATE_INFOPLIST_FILE = YES;
				MARKETING_VERSION = 1.0;
				PRODUCT_BUNDLE_IDENTIFIER = app.fathi.BeinSportsUITests;
				PRODUCT_NAME = "$(TARGET_NAME)";
				SWIFT_EMIT_LOC_STRINGS = NO;
				SWIFT_VERSION = 5.0;
				TARGETED_DEVICE_FAMILY = "1,2";
				TEST_TARGET_NAME = BeinSports;
			};
			name = Debug;
		};
		149FAEE629FFED7400A9C741 /* Release */ = {
			isa = XCBuildConfiguration;
			baseConfigurationReference = 0CAA3BF19EEAB2EBADCB32CD /* Pods-BeinSports-BeinSportsUITests.release.xcconfig */;
			buildSettings = {
				ALWAYS_EMBED_SWIFT_STANDARD_LIBRARIES = YES;
				CODE_SIGN_STYLE = Automatic;
				CURRENT_PROJECT_VERSION = 1;
				GENERATE_INFOPLIST_FILE = YES;
				MARKETING_VERSION = 1.0;
				PRODUCT_BUNDLE_IDENTIFIER = app.fathi.BeinSportsUITests;
				PRODUCT_NAME = "$(TARGET_NAME)";
				SWIFT_EMIT_LOC_STRINGS = NO;
				SWIFT_VERSION = 5.0;
				TARGETED_DEVICE_FAMILY = "1,2";
				TEST_TARGET_NAME = BeinSports;
			};
			name = Release;
		};
/* End XCBuildConfiguration section */

/* Begin XCConfigurationList section */
		149FAEAC29FFED7200A9C741 /* Build configuration list for PBXProject "BeinSports" */ = {
			isa = XCConfigurationList;
			buildConfigurations = (
				149FAEDC29FFED7400A9C741 /* Debug */,
				149FAEDD29FFED7400A9C741 /* Release */,
			);
			defaultConfigurationIsVisible = 0;
			defaultConfigurationName = Release;
		};
		149FAEDE29FFED7400A9C741 /* Build configuration list for PBXNativeTarget "BeinSports" */ = {
			isa = XCConfigurationList;
			buildConfigurations = (
				149FAEDF29FFED7400A9C741 /* Debug */,
				149FAEE029FFED7400A9C741 /* Release */,
			);
			defaultConfigurationIsVisible = 0;
			defaultConfigurationName = Release;
		};
		149FAEE129FFED7400A9C741 /* Build configuration list for PBXNativeTarget "BeinSportsTests" */ = {
			isa = XCConfigurationList;
			buildConfigurations = (
				149FAEE229FFED7400A9C741 /* Debug */,
				149FAEE329FFED7400A9C741 /* Release */,
			);
			defaultConfigurationIsVisible = 0;
			defaultConfigurationName = Release;
		};
		149FAEE429FFED7400A9C741 /* Build configuration list for PBXNativeTarget "BeinSportsUITests" */ = {
			isa = XCConfigurationList;
			buildConfigurations = (
				149FAEE529FFED7400A9C741 /* Debug */,
				149FAEE629FFED7400A9C741 /* Release */,
			);
			defaultConfigurationIsVisible = 0;
			defaultConfigurationName = Release;
		};
/* End XCConfigurationList section */

/* Begin XCVersionGroup section */
		149FAEBD29FFED7200A9C741 /* BeinSports.xcdatamodeld */ = {
			isa = XCVersionGroup;
			children = (
				149FAEBE29FFED7200A9C741 /* BeinSports.xcdatamodel */,
			);
			currentVersion = 149FAEBE29FFED7200A9C741 /* BeinSports.xcdatamodel */;
			path = BeinSports.xcdatamodeld;
			sourceTree = "<group>";
			versionGroupType = wrapper.xcdatamodel;
		};
/* End XCVersionGroup section */
	};
	rootObject = 149FAEA929FFED7200A9C741 /* Project object */;
}
